
Microsoft Visual Studio Solution File, Format Version 12.00
# Visual Studio Version 17
VisualStudioVersion = 17.9.34728.123
MinimumVisualStudioVersion = 10.0.40219.1
Project("{FAE04EC0-301F-11D3-BF4B-00C04F79EFBC}") = "DocGen", "DocGen.csproj", "{BA6D62F4-E24F-4C3B-97AA-BDA2CF1143DB}"
EndProject
Global
	GlobalSection(SolutionConfigurationPlatforms) = preSolution
		Debug|Any CPU = Debug|Any CPU
		Release|Any CPU = Release|Any CPU
	EndGlobalSection
	GlobalSection(ProjectConfigurationPlatforms) = postSolution
		{BA6D62F4-E24F-4C3B-97AA-BDA2CF1143DB}.Debug|Any CPU.ActiveCfg = Debug|Any CPU
		{BA6D62F4-E24F-4C3B-97AA-BDA2CF1143DB}.Debug|Any CPU.Build.0 = Debug|Any CPU
		{BA6D62F4-E24F-4C3B-97AA-BDA2CF1143DB}.Release|Any CPU.ActiveCfg = Release|Any CPU
		{BA6D62F4-E24F-4C3B-97AA-BDA2CF1143DB}.Release|Any CPU.Build.0 = Release|Any CPU
	EndGlobalSection
	GlobalSection(SolutionProperties) = preSolution
		HideSolutionNode = FALSE
	EndGlobalSection
	GlobalSection(ExtensibilityGlobals) = postSolution
		SolutionGuid = {893A97E7-3DF2-428C-AEF6-13F73661A24B}
	EndGlobalSection
EndGlobal
